// !$*UTF8*$!
{
	archiveVersion = 1;
	classes = {
	};
	objectVersion = 77;
	objects = {

/* Begin PBXBuildFile section */
		C93A32C42FF6A55600D808A6 /* TerminalService.swift in Sources */ = {isa = PBXBuildFile; fileRef = C93A32C22FF6A55300D808A6 /* TerminalService.swift */; };
		C93F8EFA2FF3419D003A9B8D /* ViewExtension.swift in Sources */ = {isa = PBXBuildFile; fileRef = C93F8EF42FF3419D003A9B8D /* ViewExtension.swift */; };
		C968EA2A2FF7FF5B00912417 /* Assets.xcassets in Resources */ = {isa = PBXBuildFile; fileRef = C968EA1E2FF7FF5B00912417 /* Assets.xcassets */; };
		C968EA4A2FF81CCA00912417 /* ListItemExtension.swift in Sources */ = {isa = PBXBuildFile; fileRef = C968EA492FF81CC500912417 /* ListItemExtension.swift */; };
		C968EA4F2FF81DDA00912417 /* DisplayButtonExtension.swift in Sources */ = {isa = PBXBuildFile; fileRef = C968EA4E2FF81DD400912417 /* DisplayButtonExtension.swift */; };
		C97603772FF555B200F5CBD8 /* RustService.swift in Sources */ = {isa = PBXBuildFile; fileRef = C97603732FF555B200F5CBD8 /* RustService.swift */; };
		C976039B2FF5948D00F5CBD8 /* KeywordsService.swift in Sources */ = {isa = PBXBuildFile; fileRef = C97603992FF5948800F5CBD8 /* KeywordsService.swift */; };
		C976039D2FF5A1CC00F5CBD8 /* StackExtension.swift in Sources */ = {isa = PBXBuildFile; fileRef = C976039C2FF5A1C400F5CBD8 /* StackExtension.swift */; };
		C97603A82FF5D9D000F5CBD8 /* Symbol.swift in Sources */ = {isa = PBXBuildFile; fileRef = C97603A72FF5D82300F5CBD8 /* Symbol.swift */; };
		C97603A92FF5D9D500F5CBD8 /* AnimatedButton.swift in Sources */ = {isa = PBXBuildFile; fileRef = C97603A62FF5D7FB00F5CBD8 /* AnimatedButton.swift */; };
		C9CF25382FF7E020005B3643 /* HistoryService.swift in Sources */ = {isa = PBXBuildFile; fileRef = C9CF25372FF7E01D005B3643 /* HistoryService.swift */; };
/* End PBXBuildFile section */

/* Begin PBXFileReference section */
		C90449D52FF46AC300D5B4AD /* Terminal++.app */ = {isa = PBXFileReference; explicitFileType = wrapper.application; includeInIndex = 0; path = "Terminal++.app"; sourceTree = BUILT_PRODUCTS_DIR; };
		C93A32C22FF6A55300D808A6 /* TerminalService.swift */ = {isa = PBXFileReference; lastKnownFileType = sourcecode.swift; path = TerminalService.swift; sourceTree = "<group>"; };
		C93F8EF42FF3419D003A9B8D /* ViewExtension.swift */ = {isa = PBXFileReference; lastKnownFileType = sourcecode.swift; path = ViewExtension.swift; sourceTree = "<group>"; };
		C968EA1E2FF7FF5B00912417 /* Assets.xcassets */ = {isa = PBXFileReference; lastKnownFileType = folder.assetcatalog; path = Assets.xcassets; sourceTree = "<group>"; };
		C968EA492FF81CC500912417 /* ListItemExtension.swift */ = {isa = PBXFileReference; lastKnownFileType = sourcecode.swift; path = ListItemExtension.swift; sourceTree = "<group>"; };
		C968EA4E2FF81DD400912417 /* DisplayButtonExtension.swift */ = {isa = PBXFileReference; lastKnownFileType = sourcecode.swift; path = DisplayButtonExtension.swift; sourceTree = "<group>"; };
		C97603732FF555B200F5CBD8 /* RustService.swift */ = {isa = PBXFileReference; lastKnownFileType = sourcecode.swift; path = RustService.swift; sourceTree = "<group>"; };
		C97603992FF5948800F5CBD8 /* KeywordsService.swift */ = {isa = PBXFileReference; lastKnownFileType = sourcecode.swift; path = KeywordsService.swift; sourceTree = "<group>"; };
		C976039C2FF5A1C400F5CBD8 /* StackExtension.swift */ = {isa = PBXFileReference; lastKnownFileType = sourcecode.swift; path = StackExtension.swift; sourceTree = "<group>"; };
		C97603A62FF5D7FB00F5CBD8 /* AnimatedButton.swift */ = {isa = PBXFileReference; lastKnownFileType = sourcecode.swift; path = AnimatedButton.swift; sourceTree = "<group>"; };
		C97603A72FF5D82300F5CBD8 /* Symbol.swift */ = {isa = PBXFileReference; lastKnownFileType = sourcecode.swift; path = Symbol.swift; sourceTree = "<group>"; };
		C9CF25372FF7E01D005B3643 /* HistoryService.swift */ = {isa = PBXFileReference; lastKnownFileType = sourcecode.swift; path = HistoryService.swift; sourceTree = "<group>"; };
/* End PBXFileReference section */

/* Begin PBXFileSystemSynchronizedRootGroup section */
		C901D4DF2FF2BE3A00AE67FA /* Terminal++ */ = {
			isa = PBXFileSystemSynchronizedRootGroup;
			path = "Terminal++";
			sourceTree = "<group>";
		};
		C93A32CC2FF6B1D900D808A6 /* Overlay */ = {
			isa = PBXFileSystemSynchronizedRootGroup;
			path = Overlay;
			sourceTree = "<group>";
		};
		C93F8F182FF37B8B003A9B8D /* View */ = {
			isa = PBXFileSystemSynchronizedRootGroup;
			path = View;
			sourceTree = "<group>";
		};
		C968EA442FF7FF6200912417 /* App */ = {
			isa = PBXFileSystemSynchronizedRootGroup;
			path = App;
			sourceTree = "<group>";
		};
		C9CF257A2FF7FB53005B3643 /* Lists */ = {
			isa = PBXFileSystemSynchronizedRootGroup;
			path = Lists;
			sourceTree = "<group>";
		};
/* End PBXFileSystemSynchronizedRootGroup section */

/* Begin PBXFrameworksBuildPhase section */
		C901D4DA2FF2BE3A00AE67FA /* Frameworks */ = {
			isa = PBXFrameworksBuildPhase;
			buildActionMask = 2147483647;
			files = (
			);
			runOnlyForDeploymentPostprocessing = 0;
		};
/* End PBXFrameworksBuildPhase section */

/* Begin PBXGroup section */
		C901D4D42FF2BE3A00AE67FA = {
			isa = PBXGroup;
			children = (
				C97603A52FF5D7EC00F5CBD8 /* Components */,
				C97603A12FF5D5E900F5CBD8 /* Service */,
				C93F8F102FF37B7C003A9B8D /* UI */,
				C93F8F1D2FF37BE0003A9B8D /* Extension */,
				C90449D52FF46AC300D5B4AD /* Terminal++.app */,
				C901D4DF2FF2BE3A00AE67FA /* Terminal++ */,
			);
			sourceTree = "<group>";
		};
		C93F8F102FF37B7C003A9B8D /* UI */ = {
			isa = PBXGroup;
			children = (
				C93F8F182FF37B8B003A9B8D /* View */,
				C968EA442FF7FF6200912417 /* App */,
				C968EA1E2FF7FF5B00912417 /* Assets.xcassets */,
			);
			path = UI;
			sourceTree = "<group>";
		};
		C93F8F1D2FF37BE0003A9B8D /* Extension */ = {
			isa = PBXGroup;
			children = (
				C968EA4E2FF81DD400912417 /* DisplayButtonExtension.swift */,
				C968EA492FF81CC500912417 /* ListItemExtension.swift */,
				C976039C2FF5A1C400F5CBD8 /* StackExtension.swift */,
				C93F8EF42FF3419D003A9B8D /* ViewExtension.swift */,
			);
			path = Extension;
			sourceTree = "<group>";
		};
		C97603A12FF5D5E900F5CBD8 /* Service */ = {
			isa = PBXGroup;
			children = (
				C9CF25372FF7E01D005B3643 /* HistoryService.swift */,
				C97603732FF555B200F5CBD8 /* RustService.swift */,
				C97603992FF5948800F5CBD8 /* KeywordsService.swift */,
				C93A32C22FF6A55300D808A6 /* TerminalService.swift */,
			);
			path = Service;
			sourceTree = "<group>";
		};
		C97603A52FF5D7EC00F5CBD8 /* Components */ = {
			isa = PBXGroup;
			children = (
				C9CF257A2FF7FB53005B3643 /* Lists */,
				C93A32CC2FF6B1D900D808A6 /* Overlay */,
				C97603A72FF5D82300F5CBD8 /* Symbol.swift */,
				C97603A62FF5D7FB00F5CBD8 /* AnimatedButton.swift */,
			);
			path = Components;
			sourceTree = "<group>";
		};
/* End PBXGroup section */

/* Begin PBXNativeTarget section */
		C901D4DC2FF2BE3A00AE67FA /* Terminal++ */ = {
			isa = PBXNativeTarget;
			buildConfigurationList = C901D4E82FF2BE3B00AE67FA /* Build configuration list for PBXNativeTarget "Terminal++" */;
			buildPhases = (
				C901D4EB2FF2C6A800AE67FA /* Build Rust Shell */,
				C901D4D92FF2BE3A00AE67FA /* Sources */,
				C901D4DA2FF2BE3A00AE67FA /* Frameworks */,
				C901D4DB2FF2BE3A00AE67FA /* Resources */,
			);
			buildRules = (
			);
			dependencies = (
			);
			fileSystemSynchronizedGroups = (
				C901D4DF2FF2BE3A00AE67FA /* Terminal++ */,
				C93A32CC2FF6B1D900D808A6 /* Overlay */,
				C93F8F182FF37B8B003A9B8D /* View */,
				C968EA442FF7FF6200912417 /* App */,
				C9CF257A2FF7FB53005B3643 /* Lists */,
			);
			name = "Terminal++";
			packageProductDependencies = (
			);
			productName = "Terminal++";
			productReference = C90449D52FF46AC300D5B4AD /* Terminal++.app */;
			productType = "com.apple.product-type.application";
		};
/* End PBXNativeTarget section */

/* Begin PBXProject section */
		C901D4D52FF2BE3A00AE67FA /* Project object */ = {
			isa = PBXProject;
			attributes = {
				BuildIndependentTargetsInParallel = 1;
				LastSwiftUpdateCheck = 2660;
				LastUpgradeCheck = 2660;
				TargetAttributes = {
					C901D4DC2FF2BE3A00AE67FA = {
						CreatedOnToolsVersion = 26.6;
					};
				};
			};
			buildConfigurationList = C901D4D82FF2BE3A00AE67FA /* Build configuration list for PBXProject "Terminal++" */;
			developmentRegion = en;
			hasScannedForEncodings = 0;
			knownRegions = (
				en,
				Base,
			);
			mainGroup = C901D4D42FF2BE3A00AE67FA;
			minimizedProjectReferenceProxies = 1;
			preferredProjectObjectVersion = 77;
			productRefGroup = C901D4D42FF2BE3A00AE67FA;
			projectDirPath = "";
			projectRoot = "";
			targets = (
				C901D4DC2FF2BE3A00AE67FA /* Terminal++ */,
			);
		};
/* End PBXProject section */

/* Begin PBXResourcesBuildPhase section */
		C901D4DB2FF2BE3A00AE67FA /* Resources */ = {
			isa = PBXResourcesBuildPhase;
			buildActionMask = 2147483647;
			files = (
				C968EA2A2FF7FF5B00912417 /* Assets.xcassets in Resources */,
			);
			runOnlyForDeploymentPostprocessing = 0;
		};
/* End PBXResourcesBuildPhase section */

/* Begin PBXShellScriptBuildPhase section */
		C901D4EB2FF2C6A800AE67FA /* Build Rust Shell */ = {
			isa = PBXShellScriptBuildPhase;
			alwaysOutOfDate = 1;
			buildActionMask = 2147483647;
			files = (
			);
			inputFileListPaths = (
			);
			inputPaths = (
				"$(PROJECT_DIR)/Terminal++/rust-shell/Cargo.lock",
				"$(PROJECT_DIR)/Terminal++/rust-shell/Cargo.toml",
				"$(PROJECT_DIR)/Terminal++/rust-shell/build.rs",
				"$(PROJECT_DIR)/Terminal++/rust-shell/src/lib.rs",
			);
			name = "Build Rust Shell";
			outputFileListPaths = (
			);
			outputPaths = (
			);
			runOnlyForDeploymentPostprocessing = 0;
			shellPath = /bin/sh;
			shellScript = "set -eu\nexport PATH=\"$HOME/.cargo/bin:/opt/homebrew/bin:/usr/local/bin:$PATH\"\n\nif ! command -v cargo >/dev/null 2>&1; then\n    echo \"error: cargo not found. Install Rust from https://rustup.rs or make sure ~/.cargo/bin/cargo exists.\" >&2\n    exit 1\nfi\n\ncd \"$PROJECT_DIR/Terminal++/rust-shell\"\n\nif [ \"$CONFIGURATION\" = \"Release\" ]; then\n    cargo build --release --target-dir \"$PROJECT_DIR/.build/rust-shell-target\"\nelse\n    cargo build --target-dir \"$PROJECT_DIR/.build/rust-shell-target\"\nfi\n";
			showEnvVarsInLog = 0;
		};
/* End PBXShellScriptBuildPhase section */

/* Begin PBXSourcesBuildPhase section */
		C901D4D92FF2BE3A00AE67FA /* Sources */ = {
			isa = PBXSourcesBuildPhase;
			buildActionMask = 2147483647;
			files = (
				C97603A92FF5D9D500F5CBD8 /* AnimatedButton.swift in Sources */,
				C968EA4A2FF81CCA00912417 /* ListItemExtension.swift in Sources */,
				C93A32C42FF6A55600D808A6 /* TerminalService.swift in Sources */,
				C9CF25382FF7E020005B3643 /* HistoryService.swift in Sources */,
				C97603772FF555B200F5CBD8 /* RustService.swift in Sources */,
				C93F8EFA2FF3419D003A9B8D /* ViewExtension.swift in Sources */,
				C968EA4F2FF81DDA00912417 /* DisplayButtonExtension.swift in Sources */,
				C97603A82FF5D9D000F5CBD8 /* Symbol.swift in Sources */,
				C976039D2FF5A1CC00F5CBD8 /* StackExtension.swift in Sources */,
				C976039B2FF5948D00F5CBD8 /* KeywordsService.swift in Sources */,
			);
			runOnlyForDeploymentPostprocessing = 0;
		};
/* End PBXSourcesBuildPhase section */

/* Begin XCBuildConfiguration section */
		C901D4E62FF2BE3B00AE67FA /* Debug */ = {
			isa = XCBuildConfiguration;
			buildSettings = {
				ALWAYS_SEARCH_USER_PATHS = NO;
				ASSETCATALOG_COMPILER_GENERATE_SWIFT_ASSET_SYMBOL_EXTENSIONS = YES;
				CLANG_ANALYZER_NONNULL = YES;
				CLANG_ANALYZER_NUMBER_OBJECT_CONVERSION = YES_AGGRESSIVE;
				CLANG_CXX_LANGUAGE_STANDARD = "gnu++20";
				CLANG_ENABLE_MODULES = YES;
				CLANG_ENABLE_OBJC_ARC = YES;
				CLANG_ENABLE_OBJC_WEAK = YES;
				CLANG_WARN_BLOCK_CAPTURE_AUTORELEASING = YES;
				CLANG_WARN_BOOL_CONVERSION = YES;
				CLANG_WARN_COMMA = YES;
				CLANG_WARN_CONSTANT_CONVERSION = YES;
				CLANG_WARN_DEPRECATED_OBJC_IMPLEMENTATIONS = YES;
				CLANG_WARN_DIRECT_OBJC_ISA_USAGE = YES_ERROR;
				CLANG_WARN_DOCUMENTATION_COMMENTS = YES;
				CLANG_WARN_EMPTY_BODY = YES;
				CLANG_WARN_ENUM_CONVERSION = YES;
				CLANG_WARN_INFINITE_RECURSION = YES;
				CLANG_WARN_INT_CONVERSION = YES;
				CLANG_WARN_NON_LITERAL_NULL_CONVERSION = YES;
				CLANG_WARN_OBJC_IMPLICIT_RETAIN_SELF = YES;
				CLANG_WARN_OBJC_LITERAL_CONVERSION = YES;
				CLANG_WARN_OBJC_ROOT_CLASS = YES_ERROR;
				CLANG_WARN_QUOTED_INCLUDE_IN_FRAMEWORK_HEADER = YES;
				CLANG_WARN_RANGE_LOOP_ANALYSIS = YES;
				CLANG_WARN_STRICT_PROTOTYPES = YES;
				CLANG_WARN_SUSPICIOUS_MOVE = YES;
				CLANG_WARN_UNGUARDED_AVAILABILITY = YES_AGGRESSIVE;
				CLANG_WARN_UNREACHABLE_CODE = YES;
				CLANG_WARN__DUPLICATE_METHOD_MATCH = YES;
				COPY_PHASE_STRIP = NO;
				DEBUG_INFORMATION_FORMAT = dwarf;
				DEVELOPMENT_TEAM = D5NBR534PG;
				ENABLE_STRICT_OBJC_MSGSEND = YES;
				ENABLE_TESTABILITY = YES;
				ENABLE_USER_SCRIPT_SANDBOXING = YES;
				GCC_C_LANGUAGE_STANDARD = gnu17;
				GCC_DYNAMIC_NO_PIC = NO;
				GCC_NO_COMMON_BLOCKS = YES;
				GCC_OPTIMIZATION_LEVEL = 0;
				GCC_PREPROCESSOR_DEFINITIONS = (
					"DEBUG=1",
					"$(inherited)",
				);
				GCC_WARN_64_TO_32_BIT_CONVERSION = YES;
				GCC_WARN_ABOUT_RETURN_TYPE = YES_ERROR;
				GCC_WARN_UNDECLARED_SELECTOR = YES;
				GCC_WARN_UNINITIALIZED_AUTOS = YES_AGGRESSIVE;
				GCC_WARN_UNUSED_FUNCTION = YES;
				GCC_WARN_UNUSED_VARIABLE = YES;
				LOCALIZATION_PREFERS_STRING_CATALOGS = YES;
				MACOSX_DEPLOYMENT_TARGET = 26.5;
				MTL_ENABLE_DEBUG_INFO = INCLUDE_SOURCE;
				MTL_FAST_MATH = YES;
				ONLY_ACTIVE_ARCH = YES;
				SDKROOT = macosx;
				SWIFT_ACTIVE_COMPILATION_CONDITIONS = "DEBUG $(inherited)";
				SWIFT_OPTIMIZATION_LEVEL = "-Onone";
			};
			name = Debug;
		};
		C901D4E72FF2BE3B00AE67FA /* Release */ = {
			isa = XCBuildConfiguration;
			buildSettings = {
				ALWAYS_SEARCH_USER_PATHS = NO;
				ASSETCATALOG_COMPILER_GENERATE_SWIFT_ASSET_SYMBOL_EXTENSIONS = YES;
				CLANG_ANALYZER_NONNULL = YES;
				CLANG_ANALYZER_NUMBER_OBJECT_CONVERSION = YES_AGGRESSIVE;
				CLANG_CXX_LANGUAGE_STANDARD = "gnu++20";
				CLANG_ENABLE_MODULES = YES;
				CLANG_ENABLE_OBJC_ARC = YES;
				CLANG_ENABLE_OBJC_WEAK = YES;
				CLANG_WARN_BLOCK_CAPTURE_AUTORELEASING = YES;
				CLANG_WARN_BOOL_CONVERSION = YES;
				CLANG_WARN_COMMA = YES;
				CLANG_WARN_CONSTANT_CONVERSION = YES;
				CLANG_WARN_DEPRECATED_OBJC_IMPLEMENTATIONS = YES;
				CLANG_WARN_DIRECT_OBJC_ISA_USAGE = YES_ERROR;
				CLANG_WARN_DOCUMENTATION_COMMENTS = YES;
				CLANG_WARN_EMPTY_BODY = YES;
				CLANG_WARN_ENUM_CONVERSION = YES;
				CLANG_WARN_INFINITE_RECURSION = YES;
				CLANG_WARN_INT_CONVERSION = YES;
				CLANG_WARN_NON_LITERAL_NULL_CONVERSION = YES;
				CLANG_WARN_OBJC_IMPLICIT_RETAIN_SELF = YES;
				CLANG_WARN_OBJC_LITERAL_CONVERSION = YES;
				CLANG_WARN_OBJC_ROOT_CLASS = YES_ERROR;
				CLANG_WARN_QUOTED_INCLUDE_IN_FRAMEWORK_HEADER = YES;
				CLANG_WARN_RANGE_LOOP_ANALYSIS = YES;
				CLANG_WARN_STRICT_PROTOTYPES = YES;
				CLANG_WARN_SUSPICIOUS_MOVE = YES;
				CLANG_WARN_UNGUARDED_AVAILABILITY = YES_AGGRESSIVE;
				CLANG_WARN_UNREACHABLE_CODE = YES;
				CLANG_WARN__DUPLICATE_METHOD_MATCH = YES;
				COPY_PHASE_STRIP = NO;
				DEBUG_INFORMATION_FORMAT = "dwarf-with-dsym";
				DEVELOPMENT_TEAM = D5NBR534PG;
				ENABLE_NS_ASSERTIONS = NO;
				ENABLE_STRICT_OBJC_MSGSEND = YES;
				ENABLE_USER_SCRIPT_SANDBOXING = YES;
				GCC_C_LANGUAGE_STANDARD = gnu17;
				GCC_NO_COMMON_BLOCKS = YES;
				GCC_WARN_64_TO_32_BIT_CONVERSION = YES;
				GCC_WARN_ABOUT_RETURN_TYPE = YES_ERROR;
				GCC_WARN_UNDECLARED_SELECTOR = YES;
				GCC_WARN_UNINITIALIZED_AUTOS = YES_AGGRESSIVE;
				GCC_WARN_UNUSED_FUNCTION = YES;
				GCC_WARN_UNUSED_VARIABLE = YES;
				LOCALIZATION_PREFERS_STRING_CATALOGS = YES;
				MACOSX_DEPLOYMENT_TARGET = 26.5;
				MTL_ENABLE_DEBUG_INFO = NO;
				MTL_FAST_MATH = YES;
				SDKROOT = macosx;
				SWIFT_COMPILATION_MODE = wholemodule;
			};
			name = Release;
		};
		C901D4E92FF2BE3B00AE67FA /* Debug */ = {
			isa = XCBuildConfiguration;
			buildSettings = {
				ASSETCATALOG_COMPILER_APPICON_NAME = AppIcon;
				ASSETCATALOG_COMPILER_GLOBAL_ACCENT_COLOR_NAME = AccentColor;
				CODE_SIGNING_ALLOWED = NO;
				CODE_SIGN_IDENTITY = "-";
				CODE_SIGN_STYLE = Manual;
				COMBINE_HIDPI_IMAGES = YES;
				CURRENT_PROJECT_VERSION = 1;
				DEVELOPMENT_TEAM = "";
				ENABLE_APP_SANDBOX = YES;
				ENABLE_HARDENED_RUNTIME = YES;
				ENABLE_PREVIEWS = YES;
				ENABLE_USER_SCRIPT_SANDBOXING = NO;
				ENABLE_USER_SELECTED_FILES = readonly;
				EXCLUDED_SOURCE_FILE_NAMES = (
					"$(inherited)",
					Cargo.lock,
					Cargo.toml,
					build.rs,
					config.toml,
					lib.rs,
					main.rs,
					"rust-shell/target",
					"rust-shell/target/**",
					target,
					"target/**",
				);
				GENERATE_INFOPLIST_FILE = YES;
				INFOPLIST_KEY_NSHumanReadableCopyright = "";
				LD_RUNPATH_SEARCH_PATHS = (
					"$(inherited)",
					"@executable_path/../Frameworks",
				);
				LIBRARY_SEARCH_PATHS = (
					"$(inherited)",
					"$(PROJECT_DIR)/.build/rust-shell-target/debug/deps",
					"$(PROJECT_DIR)/.build/rust-shell-target/debug",
					"$(PROJECT_DIR)/Terminal++/rust-shell/target/debug/deps",
				);
				MARKETING_VERSION = 1.0;
				OTHER_LDFLAGS = (
					"$(inherited)",
					"-lrust_shell",
				);
				PRODUCT_BUNDLE_IDENTIFIER = "com.Terminal--";
				PRODUCT_NAME = "$(TARGET_NAME)";
				REGISTER_APP_GROUPS = YES;
				STRING_CATALOG_GENERATE_SYMBOLS = YES;
				SWIFT_APPROACHABLE_CONCURRENCY = YES;
				SWIFT_EMIT_LOC_STRINGS = YES;
				SWIFT_OBJC_BRIDGING_HEADER = "Terminal++/Terminal__BridgingHeader.h";
				SWIFT_UPCOMING_FEATURE_MEMBER_IMPORT_VISIBILITY = YES;
				SWIFT_VERSION = 5.0;
			};
			name = Debug;
		};
		C901D4EA2FF2BE3B00AE67FA /* Release */ = {
			isa = XCBuildConfiguration;
			buildSettings = {
				ASSETCATALOG_COMPILER_APPICON_NAME = AppIcon;
				ASSETCATALOG_COMPILER_GLOBAL_ACCENT_COLOR_NAME = AccentColor;
				CODE_SIGN_STYLE = Automatic;
				COMBINE_HIDPI_IMAGES = YES;
				CURRENT_PROJECT_VERSION = 1;
				DEVELOPMENT_TEAM = D5NBR534PG;
				ENABLE_APP_SANDBOX = YES;
				ENABLE_HARDENED_RUNTIME = YES;
				ENABLE_PREVIEWS = YES;
				ENABLE_USER_SCRIPT_SANDBOXING = NO;
				ENABLE_USER_SELECTED_FILES = readonly;
				EXCLUDED_SOURCE_FILE_NAMES = (
					"$(inherited)",
					Cargo.lock,
					Cargo.toml,
					build.rs,
					config.toml,
					lib.rs,
					main.rs,
					"rust-shell/target",
					"rust-shell/target/**",
					target,
					"target/**",
				);
				GENERATE_INFOPLIST_FILE = YES;
				INFOPLIST_KEY_NSHumanReadableCopyright = "";
				LD_RUNPATH_SEARCH_PATHS = (
					"$(inherited)",
					"@executable_path/../Frameworks",
				);
				LIBRARY_SEARCH_PATHS = (
					"$(inherited)",
					"$(PROJECT_DIR)/.build/rust-shell-target/release/deps",
					"$(PROJECT_DIR)/.build/rust-shell-target/release",
					"$(PROJECT_DIR)/Terminal++/rust-shell/target/debug/deps",
				);
				MARKETING_VERSION = 1.0;
				OTHER_LDFLAGS = (
					"$(inherited)",
					"-lrust_shell",
				);
				PRODUCT_BUNDLE_IDENTIFIER = "com.Terminal--";
				PRODUCT_NAME = "$(TARGET_NAME)";
				REGISTER_APP_GROUPS = YES;
				STRING_CATALOG_GENERATE_SYMBOLS = YES;
				SWIFT_APPROACHABLE_CONCURRENCY = YES;
				SWIFT_EMIT_LOC_STRINGS = YES;
				SWIFT_OBJC_BRIDGING_HEADER = "Terminal++/Terminal__BridgingHeader.h";
				SWIFT_UPCOMING_FEATURE_MEMBER_IMPORT_VISIBILITY = YES;
				SWIFT_VERSION = 5.0;
			};
			name = Release;
		};
/* End XCBuildConfiguration section */

/* Begin XCConfigurationList section */
		C901D4D82FF2BE3A00AE67FA /* Build configuration list for PBXProject "Terminal++" */ = {
			isa = XCConfigurationList;
			buildConfigurations = (
				C901D4E62FF2BE3B00AE67FA /* Debug */,
				C901D4E72FF2BE3B00AE67FA /* Release */,
			);
			defaultConfigurationIsVisible = 0;
			defaultConfigurationName = Release;
		};
		C901D4E82FF2BE3B00AE67FA /* Build configuration list for PBXNativeTarget "Terminal++" */ = {
			isa = XCConfigurationList;
			buildConfigurations = (
				C901D4E92FF2BE3B00AE67FA /* Debug */,
				C901D4EA2FF2BE3B00AE67FA /* Release */,
			);
			defaultConfigurationIsVisible = 0;
			defaultConfigurationName = Release;
		};
/* End XCConfigurationList section */
	};
	rootObject = C901D4D52FF2BE3A00AE67FA /* Project object */;
}
